# This file is automatically @generated by Poetry 1.8.3 and should not be changed by hand.

[[package]]
name = "githubclient"
version = "0.1.2"
description = "A Python github client."
optional = false
python-versions = "*"
files = [
    {file = "githubclient-0.1.2.tar.gz", hash = "sha256:d5760b0c8667028d483cb5fc4774bb3c94ff08861c689cbf8ea8e1eadd54daa0"},
]

[metadata]
lock-version = "2.0"
python-versions = "^3.12"
content-hash = "39de7a235b6bc7b3286c423cdd4c8b17b09842289993488f1bba10a05d7da8d6"
